
Microsoft Visual Studio Solution File, Format Version 12.00
# Visual Studio Version 17
VisualStudioVersion = 17.0.31903.59
MinimumVisualStudioVersion = 10.0.40219.1
Project("{FAE04EC0-301F-11D3-BF4B-00C04F79EFBC}") = "ANVR.Http.FirstService", "ANVR.Http.FirstService\ANVR.Http.FirstService.csproj", "{B1ED3F80-4F9D-4869-B123-79B0011A41B1}"
EndProject
Project("{FAE04EC0-301F-11D3-BF4B-00C04F79EFBC}") = "ANVR.HTTP.SecondService", "ANVR.HTTP.SecondService\ANVR.HTTP.SecondService.csproj", "{7BB112EE-C7E4-44E9-B2FA-6638D240F02C}"
EndProject
Global
	GlobalSection(SolutionConfigurationPlatforms) = preSolution
		Debug|Any CPU = Debug|Any CPU
		Release|Any CPU = Release|Any CPU
	EndGlobalSection
	GlobalSection(SolutionProperties) = preSolution
		HideSolutionNode = FALSE
	EndGlobalSection
	GlobalSection(ProjectConfigurationPlatforms) = postSolution
		{B1ED3F80-4F9D-4869-B123-79B0011A41B1}.Debug|Any CPU.ActiveCfg = Debug|Any CPU
		{B1ED3F80-4F9D-4869-B123-79B0011A41B1}.Debug|Any CPU.Build.0 = Debug|Any CPU
		{B1ED3F80-4F9D-4869-B123-79B0011A41B1}.Release|Any CPU.ActiveCfg = Release|Any CPU
		{B1ED3F80-4F9D-4869-B123-79B0011A41B1}.Release|Any CPU.Build.0 = Release|Any CPU
		{7BB112EE-C7E4-44E9-B2FA-6638D240F02C}.Debug|Any CPU.ActiveCfg = Debug|Any CPU
		{7BB112EE-C7E4-44E9-B2FA-6638D240F02C}.Debug|Any CPU.Build.0 = Debug|Any CPU
		{7BB112EE-C7E4-44E9-B2FA-6638D240F02C}.Release|Any CPU.ActiveCfg = Release|Any CPU
		{7BB112EE-C7E4-44E9-B2FA-6638D240F02C}.Release|Any CPU.Build.0 = Release|Any CPU
	EndGlobalSection
EndGlobal
