
Microsoft Visual Studio Solution File, Format Version 12.00
# Visual Studio Version 17
VisualStudioVersion = 17.0.31903.59
MinimumVisualStudioVersion = 10.0.40219.1
Project("{FAE04EC0-301F-11D3-BF4B-00C04F79EFBC}") = "ANVR.GraphQL.API", "ANVR.GraphQL.API\ANVR.GraphQL.API.csproj", "{08103BFD-8E41-45CB-A3A0-2D06871C7664}"
EndProject
Global
	GlobalSection(SolutionConfigurationPlatforms) = preSolution
		Debug|Any CPU = Debug|Any CPU
		Release|Any CPU = Release|Any CPU
	EndGlobalSection
	GlobalSection(SolutionProperties) = preSolution
		HideSolutionNode = FALSE
	EndGlobalSection
	GlobalSection(ProjectConfigurationPlatforms) = postSolution
		{08103BFD-8E41-45CB-A3A0-2D06871C7664}.Debug|Any CPU.ActiveCfg = Debug|Any CPU
		{08103BFD-8E41-45CB-A3A0-2D06871C7664}.Debug|Any CPU.Build.0 = Debug|Any CPU
		{08103BFD-8E41-45CB-A3A0-2D06871C7664}.Release|Any CPU.ActiveCfg = Release|Any CPU
		{08103BFD-8E41-45CB-A3A0-2D06871C7664}.Release|Any CPU.Build.0 = Release|Any CPU
	EndGlobalSection
EndGlobal
