
Microsoft Visual Studio Solution File, Format Version 12.00
# Visual Studio Version 17
VisualStudioVersion = 17.0.31903.59
MinimumVisualStudioVersion = 10.0.40219.1
Project("{2150E333-8FDC-42A3-9474-1A3956D46DE8}") = "src", "src", "{5FFD4506-2C42-4EE4-AE03-FDF301B9E347}"
EndProject
Project("{FAE04EC0-301F-11D3-BF4B-00C04F79EFBC}") = "Domain", "Domain\Domain.csproj", "{15A3CEBE-AF1D-4659-8119-E99B6524EE82}"
EndProject
Project("{FAE04EC0-301F-11D3-BF4B-00C04F79EFBC}") = "Application", "Application\Application.csproj", "{D333E9CB-71C2-4BF9-A408-1F3057723185}"
EndProject
Project("{FAE04EC0-301F-11D3-BF4B-00C04F79EFBC}") = "Infrastructure", "Infrastructure\Infrastructure.csproj", "{DA5D3527-5F5D-4D5A-812B-02FCEC19B588}"
EndProject
Project("{FAE04EC0-301F-11D3-BF4B-00C04F79EFBC}") = "PresentationLayer", "PresentationLayer\PresentationLayer.csproj", "{3DA4B857-C965-431A-AA74-BDFD0F760EBC}"
EndProject
Project("{FAE04EC0-301F-11D3-BF4B-00C04F79EFBC}") = "WebAPI", "WebAPI\WebAPI.csproj", "{31E0B0F7-F682-46C9-B2F2-9FD27FDE209D}"
EndProject
Global
	GlobalSection(SolutionProperties) = preSolution
		HideSolutionNode = FALSE
	EndGlobalSection
	GlobalSection(NestedProjects) = preSolution
		{31E0B0F7-F682-46C9-B2F2-9FD27FDE209D} = {5FFD4506-2C42-4EE4-AE03-FDF301B9E347}
		{3DA4B857-C965-431A-AA74-BDFD0F760EBC} = {5FFD4506-2C42-4EE4-AE03-FDF301B9E347}
		{DA5D3527-5F5D-4D5A-812B-02FCEC19B588} = {5FFD4506-2C42-4EE4-AE03-FDF301B9E347}
		{D333E9CB-71C2-4BF9-A408-1F3057723185} = {5FFD4506-2C42-4EE4-AE03-FDF301B9E347}
		{15A3CEBE-AF1D-4659-8119-E99B6524EE82} = {5FFD4506-2C42-4EE4-AE03-FDF301B9E347}
	EndGlobalSection
	GlobalSection(SolutionConfigurationPlatforms) = preSolution
		Debug|Any CPU = Debug|Any CPU
		Debug|x64 = Debug|x64
		Debug|x86 = Debug|x86
		Release|Any CPU = Release|Any CPU
		Release|x64 = Release|x64
		Release|x86 = Release|x86
	EndGlobalSection
	GlobalSection(ProjectConfigurationPlatforms) = postSolution
		{15A3CEBE-AF1D-4659-8119-E99B6524EE82}.Debug|Any CPU.ActiveCfg = Debug|Any CPU
		{15A3CEBE-AF1D-4659-8119-E99B6524EE82}.Debug|Any CPU.Build.0 = Debug|Any CPU
		{15A3CEBE-AF1D-4659-8119-E99B6524EE82}.Debug|x64.ActiveCfg = Debug|Any CPU
		{15A3CEBE-AF1D-4659-8119-E99B6524EE82}.Debug|x64.Build.0 = Debug|Any CPU
		{15A3CEBE-AF1D-4659-8119-E99B6524EE82}.Debug|x86.ActiveCfg = Debug|Any CPU
		{15A3CEBE-AF1D-4659-8119-E99B6524EE82}.Debug|x86.Build.0 = Debug|Any CPU
		{15A3CEBE-AF1D-4659-8119-E99B6524EE82}.Release|Any CPU.ActiveCfg = Release|Any CPU
		{15A3CEBE-AF1D-4659-8119-E99B6524EE82}.Release|Any CPU.Build.0 = Release|Any CPU
		{15A3CEBE-AF1D-4659-8119-E99B6524EE82}.Release|x64.ActiveCfg = Release|Any CPU
		{15A3CEBE-AF1D-4659-8119-E99B6524EE82}.Release|x64.Build.0 = Release|Any CPU
		{15A3CEBE-AF1D-4659-8119-E99B6524EE82}.Release|x86.ActiveCfg = Release|Any CPU
		{15A3CEBE-AF1D-4659-8119-E99B6524EE82}.Release|x86.Build.0 = Release|Any CPU
		{D333E9CB-71C2-4BF9-A408-1F3057723185}.Debug|Any CPU.ActiveCfg = Debug|Any CPU
		{D333E9CB-71C2-4BF9-A408-1F3057723185}.Debug|Any CPU.Build.0 = Debug|Any CPU
		{D333E9CB-71C2-4BF9-A408-1F3057723185}.Debug|x64.ActiveCfg = Debug|Any CPU
		{D333E9CB-71C2-4BF9-A408-1F3057723185}.Debug|x64.Build.0 = Debug|Any CPU
		{D333E9CB-71C2-4BF9-A408-1F3057723185}.Debug|x86.ActiveCfg = Debug|Any CPU
		{D333E9CB-71C2-4BF9-A408-1F3057723185}.Debug|x86.Build.0 = Debug|Any CPU
		{D333E9CB-71C2-4BF9-A408-1F3057723185}.Release|Any CPU.ActiveCfg = Release|Any CPU
		{D333E9CB-71C2-4BF9-A408-1F3057723185}.Release|Any CPU.Build.0 = Release|Any CPU
		{D333E9CB-71C2-4BF9-A408-1F3057723185}.Release|x64.ActiveCfg = Release|Any CPU
		{D333E9CB-71C2-4BF9-A408-1F3057723185}.Release|x64.Build.0 = Release|Any CPU
		{D333E9CB-71C2-4BF9-A408-1F3057723185}.Release|x86.ActiveCfg = Release|Any CPU
		{D333E9CB-71C2-4BF9-A408-1F3057723185}.Release|x86.Build.0 = Release|Any CPU
		{DA5D3527-5F5D-4D5A-812B-02FCEC19B588}.Debug|Any CPU.ActiveCfg = Debug|Any CPU
		{DA5D3527-5F5D-4D5A-812B-02FCEC19B588}.Debug|Any CPU.Build.0 = Debug|Any CPU
		{DA5D3527-5F5D-4D5A-812B-02FCEC19B588}.Debug|x64.ActiveCfg = Debug|Any CPU
		{DA5D3527-5F5D-4D5A-812B-02FCEC19B588}.Debug|x64.Build.0 = Debug|Any CPU
		{DA5D3527-5F5D-4D5A-812B-02FCEC19B588}.Debug|x86.ActiveCfg = Debug|Any CPU
		{DA5D3527-5F5D-4D5A-812B-02FCEC19B588}.Debug|x86.Build.0 = Debug|Any CPU
		{DA5D3527-5F5D-4D5A-812B-02FCEC19B588}.Release|Any CPU.ActiveCfg = Release|Any CPU
		{DA5D3527-5F5D-4D5A-812B-02FCEC19B588}.Release|Any CPU.Build.0 = Release|Any CPU
		{DA5D3527-5F5D-4D5A-812B-02FCEC19B588}.Release|x64.ActiveCfg = Release|Any CPU
		{DA5D3527-5F5D-4D5A-812B-02FCEC19B588}.Release|x64.Build.0 = Release|Any CPU
		{DA5D3527-5F5D-4D5A-812B-02FCEC19B588}.Release|x86.ActiveCfg = Release|Any CPU
		{DA5D3527-5F5D-4D5A-812B-02FCEC19B588}.Release|x86.Build.0 = Release|Any CPU
		{3DA4B857-C965-431A-AA74-BDFD0F760EBC}.Debug|Any CPU.ActiveCfg = Debug|Any CPU
		{3DA4B857-C965-431A-AA74-BDFD0F760EBC}.Debug|Any CPU.Build.0 = Debug|Any CPU
		{3DA4B857-C965-431A-AA74-BDFD0F760EBC}.Debug|x64.ActiveCfg = Debug|Any CPU
		{3DA4B857-C965-431A-AA74-BDFD0F760EBC}.Debug|x64.Build.0 = Debug|Any CPU
		{3DA4B857-C965-431A-AA74-BDFD0F760EBC}.Debug|x86.ActiveCfg = Debug|Any CPU
		{3DA4B857-C965-431A-AA74-BDFD0F760EBC}.Debug|x86.Build.0 = Debug|Any CPU
		{3DA4B857-C965-431A-AA74-BDFD0F760EBC}.Release|Any CPU.ActiveCfg = Release|Any CPU
		{3DA4B857-C965-431A-AA74-BDFD0F760EBC}.Release|Any CPU.Build.0 = Release|Any CPU
		{3DA4B857-C965-431A-AA74-BDFD0F760EBC}.Release|x64.ActiveCfg = Release|Any CPU
		{3DA4B857-C965-431A-AA74-BDFD0F760EBC}.Release|x64.Build.0 = Release|Any CPU
		{3DA4B857-C965-431A-AA74-BDFD0F760EBC}.Release|x86.ActiveCfg = Release|Any CPU
		{3DA4B857-C965-431A-AA74-BDFD0F760EBC}.Release|x86.Build.0 = Release|Any CPU
		{31E0B0F7-F682-46C9-B2F2-9FD27FDE209D}.Debug|Any CPU.ActiveCfg = Debug|Any CPU
		{31E0B0F7-F682-46C9-B2F2-9FD27FDE209D}.Debug|Any CPU.Build.0 = Debug|Any CPU
		{31E0B0F7-F682-46C9-B2F2-9FD27FDE209D}.Debug|x64.ActiveCfg = Debug|Any CPU
		{31E0B0F7-F682-46C9-B2F2-9FD27FDE209D}.Debug|x64.Build.0 = Debug|Any CPU
		{31E0B0F7-F682-46C9-B2F2-9FD27FDE209D}.Debug|x86.ActiveCfg = Debug|Any CPU
		{31E0B0F7-F682-46C9-B2F2-9FD27FDE209D}.Debug|x86.Build.0 = Debug|Any CPU
		{31E0B0F7-F682-46C9-B2F2-9FD27FDE209D}.Release|Any CPU.ActiveCfg = Release|Any CPU
		{31E0B0F7-F682-46C9-B2F2-9FD27FDE209D}.Release|Any CPU.Build.0 = Release|Any CPU
		{31E0B0F7-F682-46C9-B2F2-9FD27FDE209D}.Release|x64.ActiveCfg = Release|Any CPU
		{31E0B0F7-F682-46C9-B2F2-9FD27FDE209D}.Release|x64.Build.0 = Release|Any CPU
		{31E0B0F7-F682-46C9-B2F2-9FD27FDE209D}.Release|x86.ActiveCfg = Release|Any CPU
		{31E0B0F7-F682-46C9-B2F2-9FD27FDE209D}.Release|x86.Build.0 = Release|Any CPU
	EndGlobalSection
EndGlobal
